
Microsoft Visual Studio Solution File, Format Version 12.00
# Visual Studio 15
VisualStudioVersion = 15.0.27004.2006
MinimumVisualStudioVersion = 10.0.40219.1
Project("{9A19103F-16F7-4668-BE54-9A1E7A4F7556}") = "ConsoleApp", "ConsoleApp2\ConsoleApp.csproj", "{2FF27591-6ED1-452A-B2FC-047DCA395CCC}"
EndProject
Project("{FAE04EC0-301F-11D3-BF4B-00C04F79EFBC}") = "Tests", "UnitTestProject1\Tests.csproj", "{85983AAF-D615-4E50-BCCE-41F8DEC4177B}"
EndProject
Global
	GlobalSection(SolutionConfigurationPlatforms) = preSolution
		Debug|Any CPU = Debug|Any CPU
		Release|Any CPU = Release|Any CPU
	EndGlobalSection
	GlobalSection(ProjectConfigurationPlatforms) = postSolution
		{2FF27591-6ED1-452A-B2FC-047DCA395CCC}.Debug|Any CPU.ActiveCfg = Debug|Any CPU
		{2FF27591-6ED1-452A-B2FC-047DCA395CCC}.Debug|Any CPU.Build.0 = Debug|Any CPU
		{2FF27591-6ED1-452A-B2FC-047DCA395CCC}.Release|Any CPU.ActiveCfg = Release|Any CPU
		{2FF27591-6ED1-452A-B2FC-047DCA395CCC}.Release|Any CPU.Build.0 = Release|Any CPU
		{85983AAF-D615-4E50-BCCE-41F8DEC4177B}.Debug|Any CPU.ActiveCfg = Debug|Any CPU
		{85983AAF-D615-4E50-BCCE-41F8DEC4177B}.Debug|Any CPU.Build.0 = Debug|Any CPU
		{85983AAF-D615-4E50-BCCE-41F8DEC4177B}.Release|Any CPU.ActiveCfg = Release|Any CPU
		{85983AAF-D615-4E50-BCCE-41F8DEC4177B}.Release|Any CPU.Build.0 = Release|Any CPU
	EndGlobalSection
	GlobalSection(SolutionProperties) = preSolution
		HideSolutionNode = FALSE
	EndGlobalSection
	GlobalSection(ExtensibilityGlobals) = postSolution
		SolutionGuid = {8E24ED37-5450-48CA-A32A-C2CF407D0A5F}
	EndGlobalSection
EndGlobal
